
Microsoft Visual Studio Solution File, Format Version 12.00
# Visual Studio Version 17
VisualStudioVersion = 17.14.36518.9 d17.14
MinimumVisualStudioVersion = 10.0.40219.1
Project("{FAE04EC0-301F-11D3-BF4B-00C04F79EFBC}") = "Laba3", "Laba3\Laba3.csproj", "{C7169F59-5308-46E7-8CB8-50FB6B6A4166}"
EndProject
Global
	GlobalSection(SolutionConfigurationPlatforms) = preSolution
		Debug|Any CPU = Debug|Any CPU
		Release|Any CPU = Release|Any CPU
	EndGlobalSection
	GlobalSection(ProjectConfigurationPlatforms) = postSolution
		{C7169F59-5308-46E7-8CB8-50FB6B6A4166}.Debug|Any CPU.ActiveCfg = Debug|Any CPU
		{C7169F59-5308-46E7-8CB8-50FB6B6A4166}.Debug|Any CPU.Build.0 = Debug|Any CPU
		{C7169F59-5308-46E7-8CB8-50FB6B6A4166}.Release|Any CPU.ActiveCfg = Release|Any CPU
		{C7169F59-5308-46E7-8CB8-50FB6B6A4166}.Release|Any CPU.Build.0 = Release|Any CPU
	EndGlobalSection
	GlobalSection(SolutionProperties) = preSolution
		HideSolutionNode = FALSE
	EndGlobalSection
	GlobalSection(ExtensibilityGlobals) = postSolution
		SolutionGuid = {64F1441A-8BDD-4754-8494-1D49F6FBD40D}
	EndGlobalSection
EndGlobal
