
Microsoft Visual Studio Solution File, Format Version 12.00
# Visual Studio Version 17
VisualStudioVersion = 17.14.36518.9 d17.14
MinimumVisualStudioVersion = 10.0.40219.1
Project("{FAE04EC0-301F-11D3-BF4B-00C04F79EFBC}") = "Laba1", "Laba1\Laba1.csproj", "{F292FE95-4679-4332-92FD-5EA8F46D5D30}"
EndProject
Global
	GlobalSection(SolutionConfigurationPlatforms) = preSolution
		Debug|Any CPU = Debug|Any CPU
		Release|Any CPU = Release|Any CPU
	EndGlobalSection
	GlobalSection(ProjectConfigurationPlatforms) = postSolution
		{F292FE95-4679-4332-92FD-5EA8F46D5D30}.Debug|Any CPU.ActiveCfg = Debug|Any CPU
		{F292FE95-4679-4332-92FD-5EA8F46D5D30}.Debug|Any CPU.Build.0 = Debug|Any CPU
		{F292FE95-4679-4332-92FD-5EA8F46D5D30}.Release|Any CPU.ActiveCfg = Release|Any CPU
		{F292FE95-4679-4332-92FD-5EA8F46D5D30}.Release|Any CPU.Build.0 = Release|Any CPU
	EndGlobalSection
	GlobalSection(SolutionProperties) = preSolution
		HideSolutionNode = FALSE
	EndGlobalSection
	GlobalSection(ExtensibilityGlobals) = postSolution
		SolutionGuid = {576F7A1B-67D5-4085-9186-A13785CE5E51}
	EndGlobalSection
EndGlobal
